
Microsoft Visual Studio Solution File, Format Version 12.00
# Visual Studio Version 17
VisualStudioVersion = 17.9.34714.143
MinimumVisualStudioVersion = 10.0.40219.1
Project("{FAE04EC0-301F-11D3-BF4B-00C04F79EFBC}") = "RealisticSiloCapacity", "RealisticSiloCapacity\RealisticSiloCapacity.csproj", "{98B3D86F-BA1D-4596-B7AA-9727ECAA6FCA}"
EndProject
Global
	GlobalSection(SolutionConfigurationPlatforms) = preSolution
		Debug|Any CPU = Debug|Any CPU
		Release|Any CPU = Release|Any CPU
	EndGlobalSection
	GlobalSection(ProjectConfigurationPlatforms) = postSolution
		{98B3D86F-BA1D-4596-B7AA-9727ECAA6FCA}.Debug|Any CPU.ActiveCfg = Debug|Any CPU
		{98B3D86F-BA1D-4596-B7AA-9727ECAA6FCA}.Debug|Any CPU.Build.0 = Debug|Any CPU
		{98B3D86F-BA1D-4596-B7AA-9727ECAA6FCA}.Release|Any CPU.ActiveCfg = Release|Any CPU
		{98B3D86F-BA1D-4596-B7AA-9727ECAA6FCA}.Release|Any CPU.Build.0 = Release|Any CPU
	EndGlobalSection
	GlobalSection(SolutionProperties) = preSolution
		HideSolutionNode = FALSE
	EndGlobalSection
	GlobalSection(ExtensibilityGlobals) = postSolution
		SolutionGuid = {B5353B79-A9A0-404C-8C98-B7673BAB74FE}
	EndGlobalSection
EndGlobal
